PODS:
  - Capacitor (3.3.2):
    - CapacitorCordova
  - CapacitorApp (1.0.6):
    - Capacitor
  - CapacitorBrowser (1.0.6):
    - Capacitor
  - CapacitorClipboard (1.0.6):
    - Capacitor
  - CapacitorCommunityKeepAwake (2.1.0):
    - Capacitor
  - CapacitorCordova (3.3.2)
  - CapacitorDevice (1.0.6):
    - Capacitor
  - CapacitorDialog (1.0.6):
    - Capacitor
  - CapacitorFilesystem (1.0.6):
    - Capacitor
  - CapacitorHaptics (1.1.3):
    - Capacitor
  - CapacitorKeyboard (1.1.3):
    - Capacitor
  - CapacitorNetwork (1.0.6):
    - Capacitor
    - ReachabilitySwift (~> 5.0)
  - CapacitorPushNotifications (1.0.7):
    - Capacitor
  - CapacitorShare (1.0.7):
    - Capacitor
  - CapacitorSoundEffect (2.0.1):
    - Capacitor
  - CapacitorSplashScreen (1.1.6):
    - Capacitor
  - CapacitorStatusBar (1.0.6):
    - Capacitor
  - CapacitorStockfish (3.0.2):
    - Capacitor
  - CapacitorStockfishVariants (1.0.1):
    - Capacitor
  - CapacitorStorage (1.2.3):
    - Capacitor
  - CapacitorToast (1.0.6):
    - Capacitor
  - Firebase/CoreOnly (8.10.0):
    - FirebaseCore (= 8.10.0)
  - Firebase/Messaging (8.10.0):
    - Firebase/CoreOnly
    - FirebaseMessaging (~> 8.10.0)
  - FirebaseCore (8.10.0):
    - FirebaseCoreDiagnostics (~> 8.0)
    - GoogleUtilities/Environment (~> 7.6)
    - GoogleUtilities/Logger (~> 7.6)
  - FirebaseCoreDiagnostics (8.10.0):
    - GoogleDataTransport (~> 9.1)
    - GoogleUtilities/Environment (~> 7.6)
    - GoogleUtilities/Logger (~> 7.6)
    - nanopb (~> 2.30908.0)
  - FirebaseInstallations (8.10.0):
    - FirebaseCore (~> 8.0)
    - GoogleUtilities/Environment (~> 7.6)
    - GoogleUtilities/UserDefaults (~> 7.6)
    - PromisesObjC (< 3.0, >= 1.2)
  - FirebaseMessaging (8.10.0):
    - FirebaseCore (~> 8.0)
    - FirebaseInstallations (~> 8.0)
    - GoogleDataTransport (~> 9.1)
    - GoogleUtilities/AppDelegateSwizzler (~> 7.6)
    - GoogleUtilities/Environment (~> 7.6)
    - GoogleUtilities/Reachability (~> 7.6)
    - GoogleUtilities/UserDefaults (~> 7.6)
    - nanopb (~> 2.30908.0)
  - GoogleDataTransport (9.1.2):
    - GoogleUtilities/Environment (~> 7.2)
    - nanopb (~> 2.30908.0)
    - PromisesObjC (< 3.0, >= 1.2)
  - GoogleUtilities/AppDelegateSwizzler (7.6.0):
    - GoogleUtilities/Environment
    - GoogleUtilities/Logger
    - GoogleUtilities/Network
  - GoogleUtilities/Environment (7.6.0):
    - PromisesObjC (< 3.0, >= 1.2)
  - GoogleUtilities/Logger (7.6.0):
    - GoogleUtilities/Environment
  - GoogleUtilities/Network (7.6.0):
    - GoogleUtilities/Logger
    - "GoogleUtilities/NSData+zlib"
    - GoogleUtilities/Reachability
  - "GoogleUtilities/NSData+zlib (7.6.0)"
  - GoogleUtilities/Reachability (7.6.0):
    - GoogleUtilities/Logger
  - GoogleUtilities/UserDefaults (7.6.0):
    - GoogleUtilities/Logger
  - nanopb (2.30908.0):
    - nanopb/decode (= 2.30908.0)
    - nanopb/encode (= 2.30908.0)
  - nanopb/decode (2.30908.0)
  - nanopb/encode (2.30908.0)
  - PromisesObjC (2.0.0)
  - ReachabilitySwift (5.0.0)

DEPENDENCIES:
  - "Capacitor (from `../../node_modules/@capacitor/ios`)"
  - "CapacitorApp (from `../../node_modules/@capacitor/app`)"
  - "CapacitorBrowser (from `../../node_modules/@capacitor/browser`)"
  - "CapacitorClipboard (from `../../node_modules/@capacitor/clipboard`)"
  - "CapacitorCommunityKeepAwake (from `../../node_modules/@capacitor-community/keep-awake`)"
  - "CapacitorCordova (from `../../node_modules/@capacitor/ios`)"
  - "CapacitorDevice (from `../../node_modules/@capacitor/device`)"
  - "CapacitorDialog (from `../../node_modules/@capacitor/dialog`)"
  - "CapacitorFilesystem (from `../../node_modules/@capacitor/filesystem`)"
  - "CapacitorHaptics (from `../../node_modules/@capacitor/haptics`)"
  - "CapacitorKeyboard (from `../../node_modules/@capacitor/keyboard`)"
  - "CapacitorNetwork (from `../../node_modules/@capacitor/network`)"
  - "CapacitorPushNotifications (from `../../node_modules/@capacitor/push-notifications`)"
  - "CapacitorShare (from `../../node_modules/@capacitor/share`)"
  - CapacitorSoundEffect (from `../../node_modules/capacitor-sound-effect`)
  - "CapacitorSplashScreen (from `../../node_modules/@capacitor/splash-screen`)"
  - "CapacitorStatusBar (from `../../node_modules/@capacitor/status-bar`)"
  - CapacitorStockfish (from `../../node_modules/capacitor-stockfish`)
  - CapacitorStockfishVariants (from `../../node_modules/capacitor-stockfish-variants`)
  - "CapacitorStorage (from `../../node_modules/@capacitor/storage`)"
  - "CapacitorToast (from `../../node_modules/@capacitor/toast`)"
  - Firebase/Messaging

SPEC REPOS:
  trunk:
    - Firebase
    - FirebaseCore
    - FirebaseCoreDiagnostics
    - FirebaseInstallations
    - FirebaseMessaging
    - GoogleDataTransport
    - GoogleUtilities
    - nanopb
    - PromisesObjC
    - ReachabilitySwift

EXTERNAL SOURCES:
  Capacitor:
    :path: "../../node_modules/@capacitor/ios"
  CapacitorApp:
    :path: "../../node_modules/@capacitor/app"
  CapacitorBrowser:
    :path: "../../node_modules/@capacitor/browser"
  CapacitorClipboard:
    :path: "../../node_modules/@capacitor/clipboard"
  CapacitorCommunityKeepAwake:
    :path: "../../node_modules/@capacitor-community/keep-awake"
  CapacitorCordova:
    :path: "../../node_modules/@capacitor/ios"
  CapacitorDevice:
    :path: "../../node_modules/@capacitor/device"
  CapacitorDialog:
    :path: "../../node_modules/@capacitor/dialog"
  CapacitorFilesystem:
    :path: "../../node_modules/@capacitor/filesystem"
  CapacitorHaptics:
    :path: "../../node_modules/@capacitor/haptics"
  CapacitorKeyboard:
    :path: "../../node_modules/@capacitor/keyboard"
  CapacitorNetwork:
    :path: "../../node_modules/@capacitor/network"
  CapacitorPushNotifications:
    :path: "../../node_modules/@capacitor/push-notifications"
  CapacitorShare:
    :path: "../../node_modules/@capacitor/share"
  CapacitorSoundEffect:
    :path: "../../node_modules/capacitor-sound-effect"
  CapacitorSplashScreen:
    :path: "../../node_modules/@capacitor/splash-screen"
  CapacitorStatusBar:
    :path: "../../node_modules/@capacitor/status-bar"
  CapacitorStockfish:
    :path: "../../node_modules/capacitor-stockfish"
  CapacitorStockfishVariants:
    :path: "../../node_modules/capacitor-stockfish-variants"
  CapacitorStorage:
    :path: "../../node_modules/@capacitor/storage"
  CapacitorToast:
    :path: "../../node_modules/@capacitor/toast"

SPEC CHECKSUMS:
  Capacitor: b8a7b81d33f3b7dcf934e2efc833feb6a1a8495f
  CapacitorApp: ec2e26a50713d175fd1680053500b63bfdc2af5f
  CapacitorBrowser: dd3a22b097c6e006db7d4e97438f95a8bb546619
  CapacitorClipboard: 279847f021ee49cb903316f536fd8d77721e9c04
  CapacitorCommunityKeepAwake: d134a04746a6707b0e9ea3ffd5a1ba9516f8b186
  CapacitorCordova: a971c79c2186c6291c839c855ef2c31d0ca26ede
  CapacitorDevice: 7a8470b20026c75083a9e95b074c25d779bdcb89
  CapacitorDialog: 8df49a4809efbd28bd29e381c041fd07191c7ad4
  CapacitorFilesystem: 7db4b74c45bf34ad5f100182c3ffb2492f688149
  CapacitorHaptics: 02ed2c6a2410f80fb37dc508e2c5aa9cd2c684e0
  CapacitorKeyboard: 5d75fe0a14b5c79ba044b8eded8881d7608008b6
  CapacitorNetwork: 4e1a2085f335c9e024d1cd0537c057e00a874fe2
  CapacitorPushNotifications: f973b2dca19aef3dfbe13ca41b77b22c340d93b4
  CapacitorShare: be9d87857694b2118e47fe0d7d1e050f6a2f48e9
  CapacitorSoundEffect: 0bd5b46e3b964fc546a52b885c556eda82f923da
  CapacitorSplashScreen: 5d85a4559c61e29b713576c8b82b1d2d82a06ae1
  CapacitorStatusBar: 18a81121a25117a50a9ca3be0d0de85a1e49c7e5
  CapacitorStockfish: ed22d2bb4110923867c37f0fd584036925694cff
  CapacitorStockfishVariants: 44c1a294c05a342c26023516e7df996edca9d609
  CapacitorStorage: 229dbc333a93764ba0a1b99c4fa22bbb37b47e45
  CapacitorToast: ac17b569d5c4fcffa2be1e4b2da3b3012a02c690
  Firebase: 44213362f1dcc52555b935dc925ed35ac55f1b20
  FirebaseCore: 04186597c095da37d90ff9fd3e53bc61a1ff2440
  FirebaseCoreDiagnostics: 56fb7216d87e0e6ec2feddefa9d8a392fe8b2c18
  FirebaseInstallations: 830327b45345ffc859eaa9c17bcd5ae893fd5425
  FirebaseMessaging: b0aeba17332ee1ee610662b4d1e02a86db82f08f
  GoogleDataTransport: 629c20a4d363167143f30ea78320d5a7eb8bd940
  GoogleUtilities: 684ee790a24f73ebb2d1d966e9711c203f2a4237
  nanopb: a0ba3315591a9ae0a16a309ee504766e90db0c96
  PromisesObjC: 68159ce6952d93e17b2dfe273b8c40907db5ba58
  ReachabilitySwift: 985039c6f7b23a1da463388634119492ff86c825

PODFILE CHECKSUM: 06194b175034717d433aa1c5cbf8b64cb70aa64f

COCOAPODS: 1.11.2
