PODS:
  - Capacitor (3.2.4):
    - CapacitorCordova
  - CapacitorApp (1.0.2):
    - Capacitor
  - CapacitorBrowser (1.0.2):
    - Capacitor
  - CapacitorClipboard (1.0.2):
    - Capacitor
  - CapacitorCommunityKeepAwake (2.1.0):
    - Capacitor
  - CapacitorCordova (3.2.4)
  - CapacitorDevice (1.0.2):
    - Capacitor
  - CapacitorDialog (1.0.2):
    - Capacitor
  - CapacitorFilesystem (1.0.2):
    - Capacitor
  - CapacitorHaptics (1.0.2):
    - Capacitor
  - CapacitorKeyboard (1.0.2):
    - Capacitor
  - CapacitorNetwork (1.0.2):
    - Capacitor
    - ReachabilitySwift (~> 5.0)
  - CapacitorPushNotifications (1.0.3):
    - Capacitor
  - CapacitorShare (1.0.3):
    - Capacitor
  - CapacitorSoundEffect (2.0.0):
    - Capacitor
  - CapacitorSplashScreen (1.1.0):
    - Capacitor
  - CapacitorStatusBar (1.0.2):
    - Capacitor
  - CapacitorStockfishVariants (2.0.0):
    - Capacitor
  - CapacitorStorage (1.0.3):
    - Capacitor
  - CapacitorToast (1.0.2):
    - Capacitor
  - Firebase/CoreOnly (7.7.0):
    - FirebaseCore (= 7.7.0)
  - Firebase/Messaging (7.7.0):
    - Firebase/CoreOnly
    - FirebaseMessaging (~> 7.7.0)
  - FirebaseCore (7.7.0):
    - FirebaseCoreDiagnostics (~> 7.4)
    - GoogleUtilities/Environment (~> 7.0)
    - GoogleUtilities/Logger (~> 7.0)
  - FirebaseCoreDiagnostics (7.7.0):
    - GoogleDataTransport (~> 8.0)
    - GoogleUtilities/Environment (~> 7.0)
    - GoogleUtilities/Logger (~> 7.0)
    - nanopb (~> 2.30907.0)
  - FirebaseInstallations (7.7.0):
    - FirebaseCore (~> 7.0)
    - GoogleUtilities/Environment (~> 7.0)
    - GoogleUtilities/UserDefaults (~> 7.0)
    - PromisesObjC (~> 1.2)
  - FirebaseInstanceID (7.7.0):
    - FirebaseCore (~> 7.0)
    - FirebaseInstallations (~> 7.0)
    - GoogleUtilities/Environment (~> 7.0)
    - GoogleUtilities/UserDefaults (~> 7.0)
  - FirebaseMessaging (7.7.0):
    - FirebaseCore (~> 7.0)
    - FirebaseInstanceID (~> 7.0)
    - GoogleUtilities/AppDelegateSwizzler (~> 7.0)
    - GoogleUtilities/Environment (~> 7.0)
    - GoogleUtilities/Reachability (~> 7.0)
    - GoogleUtilities/UserDefaults (~> 7.0)
  - GoogleDataTransport (8.2.0):
    - nanopb (~> 2.30907.0)
  - GoogleUtilities/AppDelegateSwizzler (7.2.2):
    - GoogleUtilities/Environment
    - GoogleUtilities/Logger
    - GoogleUtilities/Network
  - GoogleUtilities/Environment (7.2.2):
    - PromisesObjC (~> 1.2)
  - GoogleUtilities/Logger (7.2.2):
    - GoogleUtilities/Environment
  - GoogleUtilities/Network (7.2.2):
    - GoogleUtilities/Logger
    - "GoogleUtilities/NSData+zlib"
    - GoogleUtilities/Reachability
  - "GoogleUtilities/NSData+zlib (7.2.2)"
  - GoogleUtilities/Reachability (7.2.2):
    - GoogleUtilities/Logger
  - GoogleUtilities/UserDefaults (7.2.2):
    - GoogleUtilities/Logger
  - nanopb (2.30907.0):
    - nanopb/decode (= 2.30907.0)
    - nanopb/encode (= 2.30907.0)
  - nanopb/decode (2.30907.0)
  - nanopb/encode (2.30907.0)
  - PromisesObjC (1.2.12)
  - ReachabilitySwift (5.0.0)

DEPENDENCIES:
  - "Capacitor (from `../../node_modules/@capacitor/ios`)"
  - "CapacitorApp (from `../../node_modules/@capacitor/app`)"
  - "CapacitorBrowser (from `../../node_modules/@capacitor/browser`)"
  - "CapacitorClipboard (from `../../node_modules/@capacitor/clipboard`)"
  - "CapacitorCommunityKeepAwake (from `../../node_modules/@capacitor-community/keep-awake`)"
  - "CapacitorCordova (from `../../node_modules/@capacitor/ios`)"
  - "CapacitorDevice (from `../../node_modules/@capacitor/device`)"
  - "CapacitorDialog (from `../../node_modules/@capacitor/dialog`)"
  - "CapacitorFilesystem (from `../../node_modules/@capacitor/filesystem`)"
  - "CapacitorHaptics (from `../../node_modules/@capacitor/haptics`)"
  - "CapacitorKeyboard (from `../../node_modules/@capacitor/keyboard`)"
  - "CapacitorNetwork (from `../../node_modules/@capacitor/network`)"
  - "CapacitorPushNotifications (from `../../node_modules/@capacitor/push-notifications`)"
  - "CapacitorShare (from `../../node_modules/@capacitor/share`)"
  - CapacitorSoundEffect (from `../../node_modules/capacitor-sound-effect`)
  - "CapacitorSplashScreen (from `../../node_modules/@capacitor/splash-screen`)"
  - "CapacitorStatusBar (from `../../node_modules/@capacitor/status-bar`)"
  - CapacitorStockfishVariants (from `../../node_modules/capacitor-stockfish-variants`)
  - "CapacitorStorage (from `../../node_modules/@capacitor/storage`)"
  - "CapacitorToast (from `../../node_modules/@capacitor/toast`)"
  - Firebase/Messaging

SPEC REPOS:
  trunk:
    - Firebase
    - FirebaseCore
    - FirebaseCoreDiagnostics
    - FirebaseInstallations
    - FirebaseInstanceID
    - FirebaseMessaging
    - GoogleDataTransport
    - GoogleUtilities
    - nanopb
    - PromisesObjC
    - ReachabilitySwift

EXTERNAL SOURCES:
  Capacitor:
    :path: "../../node_modules/@capacitor/ios"
  CapacitorApp:
    :path: "../../node_modules/@capacitor/app"
  CapacitorBrowser:
    :path: "../../node_modules/@capacitor/browser"
  CapacitorClipboard:
    :path: "../../node_modules/@capacitor/clipboard"
  CapacitorCommunityKeepAwake:
    :path: "../../node_modules/@capacitor-community/keep-awake"
  CapacitorCordova:
    :path: "../../node_modules/@capacitor/ios"
  CapacitorDevice:
    :path: "../../node_modules/@capacitor/device"
  CapacitorDialog:
    :path: "../../node_modules/@capacitor/dialog"
  CapacitorFilesystem:
    :path: "../../node_modules/@capacitor/filesystem"
  CapacitorHaptics:
    :path: "../../node_modules/@capacitor/haptics"
  CapacitorKeyboard:
    :path: "../../node_modules/@capacitor/keyboard"
  CapacitorNetwork:
    :path: "../../node_modules/@capacitor/network"
  CapacitorPushNotifications:
    :path: "../../node_modules/@capacitor/push-notifications"
  CapacitorShare:
    :path: "../../node_modules/@capacitor/share"
  CapacitorSoundEffect:
    :path: "../../node_modules/capacitor-sound-effect"
  CapacitorSplashScreen:
    :path: "../../node_modules/@capacitor/splash-screen"
  CapacitorStatusBar:
    :path: "../../node_modules/@capacitor/status-bar"
  CapacitorStockfishVariants:
    :path: "../../node_modules/capacitor-stockfish-variants"
  CapacitorStorage:
    :path: "../../node_modules/@capacitor/storage"
  CapacitorToast:
    :path: "../../node_modules/@capacitor/toast"

SPEC CHECKSUMS:
  Capacitor: 07f746722420584674243fe6bb2e02d243a02a08
  CapacitorApp: 4a7a55cb30ac30af4e4801d4d6e51f4d03aa75e6
  CapacitorBrowser: 78dca7e45adb2f3c8239c44095aeed7582bf0923
  CapacitorClipboard: d8444615cb87293d7a2a2c310df5cf48b05c3620
  CapacitorCommunityKeepAwake: da57047d09e2e02b86e1f81b5d0f83445ace5c77
  CapacitorCordova: 16f118e79d7c20eb659565b1ed9133e2b730f747
  CapacitorDevice: 4d1a1f44e9f7ee126aa809b89c86c107a13bf898
  CapacitorDialog: 410d570ad02845665836d60606802244fbbbd8ba
  CapacitorFilesystem: a8f258902f03ee602148ad2428e1bad147b8d164
  CapacitorHaptics: 2ba8b0f0fd40d5590baa756cd2c91a3d082106f8
  CapacitorKeyboard: 25f67ec7f6c3ae9a956af8bb6ea0bade18257005
  CapacitorNetwork: a85f117d3ea0d37864c91adbe0afecb664e7bae7
  CapacitorPushNotifications: 4dbd874ad07c3146bc0195a622f679bd35fd0350
  CapacitorShare: c600e0be9c94e63b15e4009e53f1036dd065a8f2
  CapacitorSoundEffect: 00695e533a1aeeff6a958b9aa3539df8c6cab133
  CapacitorSplashScreen: 25fbdbaa5982dfdbfcb2dcbf3757c638a56ebaa9
  CapacitorStatusBar: 5f78c4275b059bf5c0bcf059d9fafc4f1b620d5b
  CapacitorStockfishVariants: 2b2cf3580f28413faeb1999f6e0a21cd89de37aa
  CapacitorStorage: 6854d59dd96ed64e75b46c4b7093d29fc9e83814
  CapacitorToast: 75dc6e65832b6d318558f4e8bbb3cc369cff09db
  Firebase: cd2ab85eec8170dc260186159f21072ecb679ad5
  FirebaseCore: ac35d680a0bf32319a59966a1478e0741536b97b
  FirebaseCoreDiagnostics: 179bf3831213451c8addd036aca7fcf5492ec154
  FirebaseInstallations: 42c86e7b02ff75b7f27f85833bf5dcb5f38a9774
  FirebaseInstanceID: cf940324a20ac14a27ad1e931d15ac9d335526db
  FirebaseMessaging: ce33c2537fdda1d1a4bc82b2245e3c3bf9107684
  GoogleDataTransport: 1024b1a4dfbd7a0e92cb20d7e0a6f1fb66b449a4
  GoogleUtilities: 31c5b01f978a70c6cff2afc6272b3f1921614b43
  nanopb: 59221d7f958fb711001e6a449489542d92ae113e
  PromisesObjC: 3113f7f76903778cf4a0586bd1ab89329a0b7b97
  ReachabilitySwift: 985039c6f7b23a1da463388634119492ff86c825

PODFILE CHECKSUM: 1d99feb55346bbf4220d1843c4ecefac82e66ebd

COCOAPODS: 1.11.2
